# THIS IS AN AUTOGENERATED FILE. DO NOT EDIT THIS FILE DIRECTLY.
# yarn lockfile v1


"@types/sip.js@^0.12.0":
  version "0.12.0"
  resolved "https://registry.npm.taobao.org/@types/sip.js/download/@types/sip.js-0.12.0.tgz#bd6bb84436e07a28b0f43eda2f26a60b0bf4c0dd"
  integrity sha1-vWu4RDbgeiiw9D7aLyamCwv0wN0=
  dependencies:
    sip.js "*"

crypto-js@^3.1.9-1:
  version "3.1.9-1"
  resolved "https://registry.npm.taobao.org/crypto-js/download/crypto-js-3.1.9-1.tgz?cache=0&other_urls=https%3A%2F%2Fregistry.npm.taobao.org%2Fcrypto-js%2Fdownload%2Fcrypto-js-3.1.9-1.tgz#fda19e761fc077e01ffbfdc6e9fdfc59e8806cd8"
  integrity sha1-/aGedh/Ad+Af+/3G6f38WeiAbNg=

events@^3.0.0:
  version "3.0.0"
  resolved "https://registry.npm.taobao.org/events/download/events-3.0.0.tgz#9a0a0dfaf62893d92b875b8f2698ca4114973e88"
  integrity sha1-mgoN+vYok9krh1uPJpjKQRSXPog=

sip.js@*:
  version "0.15.4"
  resolved "https://registry.npm.taobao.org/sip.js/download/sip.js-0.15.4.tgz#64cbd3a54f7a6142d06c12e0f77a048aaebde502"
  integrity sha1-ZMvTpU96YULQbBLg93oEiq695QI=
  dependencies:
    crypto-js "^3.1.9-1"
    events "^3.0.0"
    tslib "^1.10.0"

tslib@^1.10.0:
  version "1.10.0"
  resolved "https://registry.npm.taobao.org/tslib/download/tslib-1.10.0.tgz?cache=0&other_urls=https%3A%2F%2Fregistry.npm.taobao.org%2Ftslib%2Fdownload%2Ftslib-1.10.0.tgz#c3c19f95973fb0a62973fb09d90d961ee43e5c8a"
  integrity sha1-w8GflZc/sKYpc/sJ2Q2WHuQ+XIo=
